
Microsoft Visual Studio Solution File, Format Version 12.00
# Visual Studio Version 16
VisualStudioVersion = 16.0.29519.87
MinimumVisualStudioVersion = 10.0.40219.1
Project("{FAE04EC0-301F-11D3-BF4B-00C04F79EFBC}") = "Ksiazka", "Ksiazka\Ksiazka.csproj", "{84BA1182-9071-44F8-A889-40E47D15C6BD}"
EndProject
Global
	GlobalSection(SolutionConfigurationPlatforms) = preSolution
		Debug|Any CPU = Debug|Any CPU
		Release|Any CPU = Release|Any CPU
	EndGlobalSection
	GlobalSection(ProjectConfigurationPlatforms) = postSolution
		{84BA1182-9071-44F8-A889-40E47D15C6BD}.Debug|Any CPU.ActiveCfg = Debug|Any CPU
		{84BA1182-9071-44F8-A889-40E47D15C6BD}.Debug|Any CPU.Build.0 = Debug|Any CPU
		{84BA1182-9071-44F8-A889-40E47D15C6BD}.Release|Any CPU.ActiveCfg = Release|Any CPU
		{84BA1182-9071-44F8-A889-40E47D15C6BD}.Release|Any CPU.Build.0 = Release|Any CPU
	EndGlobalSection
	GlobalSection(SolutionProperties) = preSolution
		HideSolutionNode = FALSE
	EndGlobalSection
	GlobalSection(ExtensibilityGlobals) = postSolution
		SolutionGuid = {EA172CFE-CDF1-441B-BE9E-A40522060ED6}
	EndGlobalSection
EndGlobal
